
Microsoft Visual Studio Solution File, Format Version 12.00
# Visual Studio Version 16
VisualStudioVersion = 16.0.31205.134
MinimumVisualStudioVersion = 10.0.40219.1
Project("{FAE04EC0-301F-11D3-BF4B-00C04F79EFBC}") = "Otus.StateMachine.KnuthMorrisPrattAlgorithm", "Otus.StateMachine.KnuthMorrisPrattAlgorithm\Otus.StateMachine.KnuthMorrisPrattAlgorithm.csproj", "{886383C0-6E53-42FD-B32C-CBB481578F6E}"
EndProject
Project("{FAE04EC0-301F-11D3-BF4B-00C04F79EFBC}") = "Tests", "Tests\Tests.csproj", "{137AA67D-D459-4E73-BD4B-CC516737972F}"
EndProject
Global
	GlobalSection(SolutionConfigurationPlatforms) = preSolution
		Debug|Any CPU = Debug|Any CPU
		Release|Any CPU = Release|Any CPU
	EndGlobalSection
	GlobalSection(ProjectConfigurationPlatforms) = postSolution
		{886383C0-6E53-42FD-B32C-CBB481578F6E}.Debug|Any CPU.ActiveCfg = Debug|Any CPU
		{886383C0-6E53-42FD-B32C-CBB481578F6E}.Debug|Any CPU.Build.0 = Debug|Any CPU
		{886383C0-6E53-42FD-B32C-CBB481578F6E}.Release|Any CPU.ActiveCfg = Release|Any CPU
		{886383C0-6E53-42FD-B32C-CBB481578F6E}.Release|Any CPU.Build.0 = Release|Any CPU
		{137AA67D-D459-4E73-BD4B-CC516737972F}.Debug|Any CPU.ActiveCfg = Debug|Any CPU
		{137AA67D-D459-4E73-BD4B-CC516737972F}.Debug|Any CPU.Build.0 = Debug|Any CPU
		{137AA67D-D459-4E73-BD4B-CC516737972F}.Release|Any CPU.ActiveCfg = Release|Any CPU
		{137AA67D-D459-4E73-BD4B-CC516737972F}.Release|Any CPU.Build.0 = Release|Any CPU
	EndGlobalSection
	GlobalSection(SolutionProperties) = preSolution
		HideSolutionNode = FALSE
	EndGlobalSection
	GlobalSection(ExtensibilityGlobals) = postSolution
		SolutionGuid = {9E5BEB60-8310-4E77-978D-F397945DA49D}
	EndGlobalSection
EndGlobal
